
Microsoft Visual Studio Solution File, Format Version 12.00
# Visual Studio 15
VisualStudioVersion = 15.0.28307.1433
MinimumVisualStudioVersion = 10.0.40219.1
Project("{FAE04EC0-301F-11D3-BF4B-00C04F79EFBC}") = "Present", "Proje\Present.csproj", "{AD68FEF7-4836-4F80-8E83-4F17C387B4CF}"
EndProject
Global
	GlobalSection(SolutionConfigurationPlatforms) = preSolution
		Debug|Any CPU = Debug|Any CPU
		Release|Any CPU = Release|Any CPU
	EndGlobalSection
	GlobalSection(ProjectConfigurationPlatforms) = postSolution
		{AD68FEF7-4836-4F80-8E83-4F17C387B4CF}.Debug|Any CPU.ActiveCfg = Debug|Any CPU
		{AD68FEF7-4836-4F80-8E83-4F17C387B4CF}.Debug|Any CPU.Build.0 = Debug|Any CPU
		{AD68FEF7-4836-4F80-8E83-4F17C387B4CF}.Release|Any CPU.ActiveCfg = Release|Any CPU
		{AD68FEF7-4836-4F80-8E83-4F17C387B4CF}.Release|Any CPU.Build.0 = Release|Any CPU
	EndGlobalSection
	GlobalSection(SolutionProperties) = preSolution
		HideSolutionNode = FALSE
	EndGlobalSection
	GlobalSection(ExtensibilityGlobals) = postSolution
		SolutionGuid = {87305E9B-278F-43BB-8885-97653F33594E}
	EndGlobalSection
EndGlobal
